
Microsoft Visual Studio Solution File, Format Version 12.00
# Visual Studio Version 16
VisualStudioVersion = 16.0.31624.102
MinimumVisualStudioVersion = 10.0.40219.1
Project("{FAE04EC0-301F-11D3-BF4B-00C04F79EFBC}") = "TheaterRepertory", "TheaterRepertory\TheaterRepertory.csproj", "{D73B2879-1523-49B0-9E5A-C1D6927AEBDA}"
EndProject
Global
	GlobalSection(SolutionConfigurationPlatforms) = preSolution
		Debug|Any CPU = Debug|Any CPU
		Release|Any CPU = Release|Any CPU
	EndGlobalSection
	GlobalSection(ProjectConfigurationPlatforms) = postSolution
		{D73B2879-1523-49B0-9E5A-C1D6927AEBDA}.Debug|Any CPU.ActiveCfg = Debug|Any CPU
		{D73B2879-1523-49B0-9E5A-C1D6927AEBDA}.Debug|Any CPU.Build.0 = Debug|Any CPU
		{D73B2879-1523-49B0-9E5A-C1D6927AEBDA}.Release|Any CPU.ActiveCfg = Release|Any CPU
		{D73B2879-1523-49B0-9E5A-C1D6927AEBDA}.Release|Any CPU.Build.0 = Release|Any CPU
	EndGlobalSection
	GlobalSection(SolutionProperties) = preSolution
		HideSolutionNode = FALSE
	EndGlobalSection
	GlobalSection(ExtensibilityGlobals) = postSolution
		SolutionGuid = {BB6EF186-5F7A-4F8D-BD3F-C4C979391961}
	EndGlobalSection
EndGlobal
